
Microsoft Visual Studio Solution File, Format Version 12.00
# Visual Studio Version 17
VisualStudioVersion = 17.14.36105.17 d17.14
MinimumVisualStudioVersion = 10.0.40219.1
Project("{FAE04EC0-301F-11D3-BF4B-00C04F79EFBC}") = "StickyNotes", "StickyNotes.csproj", "{98852ECD-BAD1-8270-3360-278F60877642}"
EndProject
Global
	GlobalSection(SolutionConfigurationPlatforms) = preSolution
		Debug|Any CPU = Debug|Any CPU
		Release|Any CPU = Release|Any CPU
	EndGlobalSection
	GlobalSection(ProjectConfigurationPlatforms) = postSolution
		{98852ECD-BAD1-8270-3360-278F60877642}.Debug|Any CPU.ActiveCfg = Debug|Any CPU
		{98852ECD-BAD1-8270-3360-278F60877642}.Debug|Any CPU.Build.0 = Debug|Any CPU
		{98852ECD-BAD1-8270-3360-278F60877642}.Release|Any CPU.ActiveCfg = Release|Any CPU
		{98852ECD-BAD1-8270-3360-278F60877642}.Release|Any CPU.Build.0 = Release|Any CPU
	EndGlobalSection
	GlobalSection(SolutionProperties) = preSolution
		HideSolutionNode = FALSE
	EndGlobalSection
	GlobalSection(ExtensibilityGlobals) = postSolution
		SolutionGuid = {7A57E381-B699-4827-B77B-68D7FF03D9FE}
	EndGlobalSection
EndGlobal
